// !$*UTF8*$!
{
	archiveVersion = 1;
	classes = {
	};
	objectVersion = 56;
	objects = {

/* Begin PBXBuildFile section */
		54E6AF3B2AD63AE00077501D /* AppDelegate.swift in Sources */ = {isa = PBXBuildFile; fileRef = 54E6AF3A2AD63AE00077501D /* AppDelegate.swift */; };
		54E6AF3D2AD63AE00077501D /* ContentView.swift in Sources */ = {isa = PBXBuildFile; fileRef = 54E6AF3C2AD63AE00077501D /* ContentView.swift */; };
		54E6AF3F2AD63AE10077501D /* Assets.xcassets in Resources */ = {isa = PBXBuildFile; fileRef = 54E6AF3E2AD63AE10077501D /* Assets.xcassets */; };
		54E6AF422AD63AE10077501D /* Preview Assets.xcassets in Resources */ = {isa = PBXBuildFile; fileRef = 54E6AF412AD63AE10077501D /* Preview Assets.xcassets */; };
		54E6AF502AD63D380077501D /* desk.usdz in Resources */ = {isa = PBXBuildFile; fileRef = 54E6AF4F2AD63D380077501D /* desk.usdz */; };
		54E6AF522AD63DE50077501D /* chair.usdz in Resources */ = {isa = PBXBuildFile; fileRef = 54E6AF512AD63DE50077501D /* chair.usdz */; };
		54E6AF542AD63E0C0077501D /* FurnitureViewModel.swift in Sources */ = {isa = PBXBuildFile; fileRef = 54E6AF532AD63E0C0077501D /* FurnitureViewModel.swift */; };
		54E6AF562AD63F720077501D /* Coordinator.swift in Sources */ = {isa = PBXBuildFile; fileRef = 54E6AF552AD63F720077501D /* Coordinator.swift */; };
/* End PBXBuildFile section */

/* Begin PBXFileReference section */
		54E6AF372AD63AE00077501D /* Furnitures.app */ = {isa = PBXFileReference; explicitFileType = wrapper.application; includeInIndex = 0; path = Furnitures.app; sourceTree = BUILT_PRODUCTS_DIR; };
		54E6AF3A2AD63AE00077501D /* AppDelegate.swift */ = {isa = PBXFileReference; lastKnownFileType = sourcecode.swift; path = AppDelegate.swift; sourceTree = "<group>"; };
		54E6AF3C2AD63AE00077501D /* ContentView.swift */ = {isa = PBXFileReference; lastKnownFileType = sourcecode.swift; path = ContentView.swift; sourceTree = "<group>"; };
		54E6AF3E2AD63AE10077501D /* Assets.xcassets */ = {isa = PBXFileReference; lastKnownFileType = folder.assetcatalog; path = Assets.xcassets; sourceTree = "<group>"; };
		54E6AF412AD63AE10077501D /* Preview Assets.xcassets */ = {isa = PBXFileReference; lastKnownFileType = folder.assetcatalog; path = "Preview Assets.xcassets"; sourceTree = "<group>"; };
		54E6AF4F2AD63D380077501D /* desk.usdz */ = {isa = PBXFileReference; lastKnownFileType = file.usdz; path = desk.usdz; sourceTree = "<group>"; };
		54E6AF512AD63DE50077501D /* chair.usdz */ = {isa = PBXFileReference; lastKnownFileType = file.usdz; path = chair.usdz; sourceTree = "<group>"; };
		54E6AF532AD63E0C0077501D /* FurnitureViewModel.swift */ = {isa = PBXFileReference; lastKnownFileType = sourcecode.swift; path = FurnitureViewModel.swift; sourceTree = "<group>"; };
		54E6AF552AD63F720077501D /* Coordinator.swift */ = {isa = PBXFileReference; lastKnownFileType = sourcecode.swift; path = Coordinator.swift; sourceTree = "<group>"; };
/* End PBXFileReference section */

/* Begin PBXFrameworksBuildPhase section */
		54E6AF342AD63AE00077501D /* Frameworks */ = {
			isa = PBXFrameworksBuildPhase;
			buildActionMask = 2147483647;
			files = (
			);
			runOnlyForDeploymentPostprocessing = 0;
		};
/* End PBXFrameworksBuildPhase section */

/* Begin PBXGroup section */
		54E6AF2E2AD63AE00077501D = {
			isa = PBXGroup;
			children = (
				54E6AF392AD63AE00077501D /* Furnitures */,
				54E6AF382AD63AE00077501D /* Products */,
			);
			sourceTree = "<group>";
		};
		54E6AF382AD63AE00077501D /* Products */ = {
			isa = PBXGroup;
			children = (
				54E6AF372AD63AE00077501D /* Furnitures.app */,
			);
			name = Products;
			sourceTree = "<group>";
		};
		54E6AF392AD63AE00077501D /* Furnitures */ = {
			isa = PBXGroup;
			children = (
				54E6AF4E2AD63D1D0077501D /* Models */,
				54E6AF3A2AD63AE00077501D /* AppDelegate.swift */,
				54E6AF3C2AD63AE00077501D /* ContentView.swift */,
				54E6AF3E2AD63AE10077501D /* Assets.xcassets */,
				54E6AF402AD63AE10077501D /* Preview Content */,
				54E6AF532AD63E0C0077501D /* FurnitureViewModel.swift */,
				54E6AF552AD63F720077501D /* Coordinator.swift */,
			);
			path = Furnitures;
			sourceTree = "<group>";
		};
		54E6AF402AD63AE10077501D /* Preview Content */ = {
			isa = PBXGroup;
			children = (
				54E6AF412AD63AE10077501D /* Preview Assets.xcassets */,
			);
			path = "Preview Content";
			sourceTree = "<group>";
		};
		54E6AF4E2AD63D1D0077501D /* Models */ = {
			isa = PBXGroup;
			children = (
				54E6AF4F2AD63D380077501D /* desk.usdz */,
				54E6AF512AD63DE50077501D /* chair.usdz */,
			);
			path = Models;
			sourceTree = "<group>";
		};
/* End PBXGroup section */

/* Begin PBXNativeTarget section */
		54E6AF362AD63AE00077501D /* Furnitures */ = {
			isa = PBXNativeTarget;
			buildConfigurationList = 54E6AF452AD63AE10077501D /* Build configuration list for PBXNativeTarget "Furnitures" */;
			buildPhases = (
				54E6AF332AD63AE00077501D /* Sources */,
				54E6AF342AD63AE00077501D /* Frameworks */,
				54E6AF352AD63AE00077501D /* Resources */,
			);
			buildRules = (
			);
			dependencies = (
			);
			name = Furnitures;
			productName = Furnitures;
			productReference = 54E6AF372AD63AE00077501D /* Furnitures.app */;
			productType = "com.apple.product-type.application";
		};
/* End PBXNativeTarget section */

/* Begin PBXProject section */
		54E6AF2F2AD63AE00077501D /* Project object */ = {
			isa = PBXProject;
			attributes = {
				BuildIndependentTargetsInParallel = 1;
				LastSwiftUpdateCheck = 1500;
				LastUpgradeCheck = 1500;
				TargetAttributes = {
					54E6AF362AD63AE00077501D = {
						CreatedOnToolsVersion = 15.0;
					};
				};
			};
			buildConfigurationList = 54E6AF322AD63AE00077501D /* Build configuration list for PBXProject "Furnitures" */;
			compatibilityVersion = "Xcode 14.0";
			developmentRegion = en;
			hasScannedForEncodings = 0;
			knownRegions = (
				en,
				Base,
			);
			mainGroup = 54E6AF2E2AD63AE00077501D;
			productRefGroup = 54E6AF382AD63AE00077501D /* Products */;
			projectDirPath = "";
			projectRoot = "";
			targets = (
				54E6AF362AD63AE00077501D /* Furnitures */,
			);
		};
/* End PBXProject section */

/* Begin PBXResourcesBuildPhase section */
		54E6AF352AD63AE00077501D /* Resources */ = {
			isa = PBXResourcesBuildPhase;
			buildActionMask = 2147483647;
			files = (
				54E6AF422AD63AE10077501D /* Preview Assets.xcassets in Resources */,
				54E6AF522AD63DE50077501D /* chair.usdz in Resources */,
				54E6AF502AD63D380077501D /* desk.usdz in Resources */,
				54E6AF3F2AD63AE10077501D /* Assets.xcassets in Resources */,
			);
			runOnlyForDeploymentPostprocessing = 0;
		};
/* End PBXResourcesBuildPhase section */

/* Begin PBXSourcesBuildPhase section */
		54E6AF332AD63AE00077501D /* Sources */ = {
			isa = PBXSourcesBuildPhase;
			buildActionMask = 2147483647;
			files = (
				54E6AF562AD63F720077501D /* Coordinator.swift in Sources */,
				54E6AF3D2AD63AE00077501D /* ContentView.swift in Sources */,
				54E6AF3B2AD63AE00077501D /* AppDelegate.swift in Sources */,
				54E6AF542AD63E0C0077501D /* FurnitureViewModel.swift in Sources */,
			);
			runOnlyForDeploymentPostprocessing = 0;
		};
/* End PBXSourcesBuildPhase section */

/* Begin XCBuildConfiguration section */
		54E6AF432AD63AE10077501D /* Debug */ = {
			isa = XCBuildConfiguration;
			buildSettings = {
				ALWAYS_SEARCH_USER_PATHS = NO;
				ASSETCATALOG_COMPILER_GENERATE_SWIFT_ASSET_SYMBOL_EXTENSIONS = YES;
				CLANG_ANALYZER_NONNULL = YES;
				CLANG_ANALYZER_NUMBER_OBJECT_CONVERSION = YES_AGGRESSIVE;
				CLANG_CXX_LANGUAGE_STANDARD = "gnu++20";
				CLANG_ENABLE_MODULES = YES;
				CLANG_ENABLE_OBJC_ARC = YES;
				CLANG_ENABLE_OBJC_WEAK = YES;
				CLANG_WARN_BLOCK_CAPTURE_AUTORELEASING = YES;
				CLANG_WARN_BOOL_CONVERSION = YES;
				CLANG_WARN_COMMA = YES;
				CLANG_WARN_CONSTANT_CONVERSION = YES;
				CLANG_WARN_DEPRECATED_OBJC_IMPLEMENTATIONS = YES;
				CLANG_WARN_DIRECT_OBJC_ISA_USAGE = YES_ERROR;
				CLANG_WARN_DOCUMENTATION_COMMENTS = YES;
				CLANG_WARN_EMPTY_BODY = YES;
				CLANG_WARN_ENUM_CONVERSION = YES;
				CLANG_WARN_INFINITE_RECURSION = YES;
				CLANG_WARN_INT_CONVERSION = YES;
				CLANG_WARN_NON_LITERAL_NULL_CONVERSION = YES;
				CLANG_WARN_OBJC_IMPLICIT_RETAIN_SELF = YES;
				CLANG_WARN_OBJC_LITERAL_CONVERSION = YES;
				CLANG_WARN_OBJC_ROOT_CLASS = YES_ERROR;
				CLANG_WARN_QUOTED_INCLUDE_IN_FRAMEWORK_HEADER = YES;
				CLANG_WARN_RANGE_LOOP_ANALYSIS = YES;
				CLANG_WARN_STRICT_PROTOTYPES = YES;
				CLANG_WARN_SUSPICIOUS_MOVE = YES;
				CLANG_WARN_UNGUARDED_AVAILABILITY = YES_AGGRESSIVE;
				CLANG_WARN_UNREACHABLE_CODE = YES;
				CLANG_WARN__DUPLICATE_METHOD_MATCH = YES;
				COPY_PHASE_STRIP = NO;
				DEBUG_INFORMATION_FORMAT = dwarf;
				ENABLE_STRICT_OBJC_MSGSEND = YES;
				ENABLE_TESTABILITY = YES;
				ENABLE_USER_SCRIPT_SANDBOXING = YES;
				GCC_C_LANGUAGE_STANDARD = gnu17;
				GCC_DYNAMIC_NO_PIC = NO;
				GCC_NO_COMMON_BLOCKS = YES;
				GCC_OPTIMIZATION_LEVEL = 0;
				GCC_PREPROCESSOR_DEFINITIONS = (
					"DEBUG=1",
					"$(inherited)",
				);
				GCC_WARN_64_TO_32_BIT_CONVERSION = YES;
				GCC_WARN_ABOUT_RETURN_TYPE = YES_ERROR;
				GCC_WARN_UNDECLARED_SELECTOR = YES;
				GCC_WARN_UNINITIALIZED_AUTOS = YES_AGGRESSIVE;
				GCC_WARN_UNUSED_FUNCTION = YES;
				GCC_WARN_UNUSED_VARIABLE = YES;
				IPHONEOS_DEPLOYMENT_TARGET = 17.0;
				LOCALIZATION_PREFERS_STRING_CATALOGS = YES;
				MTL_ENABLE_DEBUG_INFO = INCLUDE_SOURCE;
				MTL_FAST_MATH = YES;
				ONLY_ACTIVE_ARCH = YES;
				SDKROOT = iphoneos;
				SWIFT_ACTIVE_COMPILATION_CONDITIONS = "DEBUG $(inherited)";
				SWIFT_OPTIMIZATION_LEVEL = "-Onone";
			};
			name = Debug;
		};
		54E6AF442AD63AE10077501D /* Release */ = {
			isa = XCBuildConfiguration;
			buildSettings = {
				ALWAYS_SEARCH_USER_PATHS = NO;
				ASSETCATALOG_COMPILER_GENERATE_SWIFT_ASSET_SYMBOL_EXTENSIONS = YES;
				CLANG_ANALYZER_NONNULL = YES;
				CLANG_ANALYZER_NUMBER_OBJECT_CONVERSION = YES_AGGRESSIVE;
				CLANG_CXX_LANGUAGE_STANDARD = "gnu++20";
				CLANG_ENABLE_MODULES = YES;
				CLANG_ENABLE_OBJC_ARC = YES;
				CLANG_ENABLE_OBJC_WEAK = YES;
				CLANG_WARN_BLOCK_CAPTURE_AUTORELEASING = YES;
				CLANG_WARN_BOOL_CONVERSION = YES;
				CLANG_WARN_COMMA = YES;
				CLANG_WARN_CONSTANT_CONVERSION = YES;
				CLANG_WARN_DEPRECATED_OBJC_IMPLEMENTATIONS = YES;
				CLANG_WARN_DIRECT_OBJC_ISA_USAGE = YES_ERROR;
				CLANG_WARN_DOCUMENTATION_COMMENTS = YES;
				CLANG_WARN_EMPTY_BODY = YES;
				CLANG_WARN_ENUM_CONVERSION = YES;
				CLANG_WARN_INFINITE_RECURSION = YES;
				CLANG_WARN_INT_CONVERSION = YES;
				CLANG_WARN_NON_LITERAL_NULL_CONVERSION = YES;
				CLANG_WARN_OBJC_IMPLICIT_RETAIN_SELF = YES;
				CLANG_WARN_OBJC_LITERAL_CONVERSION = YES;
				CLANG_WARN_OBJC_ROOT_CLASS = YES_ERROR;
				CLANG_WARN_QUOTED_INCLUDE_IN_FRAMEWORK_HEADER = YES;
				CLANG_WARN_RANGE_LOOP_ANALYSIS = YES;
				CLANG_WARN_STRICT_PROTOTYPES = YES;
				CLANG_WARN_SUSPICIOUS_MOVE = YES;
				CLANG_WARN_UNGUARDED_AVAILABILITY = YES_AGGRESSIVE;
				CLANG_WARN_UNREACHABLE_CODE = YES;
				CLANG_WARN__DUPLICATE_METHOD_MATCH = YES;
				COPY_PHASE_STRIP = NO;
				DEBUG_INFORMATION_FORMAT = "dwarf-with-dsym";
				ENABLE_NS_ASSERTIONS = NO;
				ENABLE_STRICT_OBJC_MSGSEND = YES;
				ENABLE_USER_SCRIPT_SANDBOXING = YES;
				GCC_C_LANGUAGE_STANDARD = gnu17;
				GCC_NO_COMMON_BLOCKS = YES;
				GCC_WARN_64_TO_32_BIT_CONVERSION = YES;
				GCC_WARN_ABOUT_RETURN_TYPE = YES_ERROR;
				GCC_WARN_UNDECLARED_SELECTOR = YES;
				GCC_WARN_UNINITIALIZED_AUTOS = YES_AGGRESSIVE;
				GCC_WARN_UNUSED_FUNCTION = YES;
				GCC_WARN_UNUSED_VARIABLE = YES;
				IPHONEOS_DEPLOYMENT_TARGET = 17.0;
				LOCALIZATION_PREFERS_STRING_CATALOGS = YES;
				MTL_ENABLE_DEBUG_INFO = NO;
				MTL_FAST_MATH = YES;
				SDKROOT = iphoneos;
				SWIFT_COMPILATION_MODE = wholemodule;
				VALIDATE_PRODUCT = YES;
			};
			name = Release;
		};
		54E6AF462AD63AE10077501D /* Debug */ = {
			isa = XCBuildConfiguration;
			buildSettings = {
				ASSETCATALOG_COMPILER_APPICON_NAME = AppIcon;
				ASSETCATALOG_COMPILER_GLOBAL_ACCENT_COLOR_NAME = AccentColor;
				CODE_SIGN_STYLE = Automatic;
				CURRENT_PROJECT_VERSION = 1;
				DEVELOPMENT_ASSET_PATHS = "\"Furnitures/Preview Content\"";
				DEVELOPMENT_TEAM = 8TS3U5AYFA;
				ENABLE_PREVIEWS = YES;
				GENERATE_INFOPLIST_FILE = YES;
				INFOPLIST_KEY_NSCameraUsageDescription = "";
				INFOPLIST_KEY_UIApplicationSupportsIndirectInputEvents = YES;
				INFOPLIST_KEY_UILaunchScreen_Generation = YES;
				INFOPLIST_KEY_UIRequiredDeviceCapabilities = arkit;
				INFOPLIST_KEY_UIStatusBarHidden = YES;
				INFOPLIST_KEY_UISupportedInterfaceOrientations_iPad = "UIInterfaceOrientationPortrait UIInterfaceOrientationPortraitUpsideDown UIInterfaceOrientationLandscapeLeft UIInterfaceOrientationLandscapeRight";
				INFOPLIST_KEY_UISupportedInterfaceOrientations_iPhone = "UIInterfaceOrientationPortrait UIInterfaceOrientationLandscapeLeft UIInterfaceOrientationLandscapeRight";
				LD_RUNPATH_SEARCH_PATHS = (
					"$(inherited)",
					"@executable_path/Frameworks",
				);
				MARKETING_VERSION = 1.0;
				PRODUCT_BUNDLE_IDENTIFIER = practice.Furnitures;
				PRODUCT_NAME = "$(TARGET_NAME)";
				SWIFT_EMIT_LOC_STRINGS = YES;
				SWIFT_VERSION = 5.0;
				TARGETED_DEVICE_FAMILY = "1,2";
			};
			name = Debug;
		};
		54E6AF472AD63AE10077501D /* Release */ = {
			isa = XCBuildConfiguration;
			buildSettings = {
				ASSETCATALOG_COMPILER_APPICON_NAME = AppIcon;
				ASSETCATALOG_COMPILER_GLOBAL_ACCENT_COLOR_NAME = AccentColor;
				CODE_SIGN_STYLE = Automatic;
				CURRENT_PROJECT_VERSION = 1;
				DEVELOPMENT_ASSET_PATHS = "\"Furnitures/Preview Content\"";
				DEVELOPMENT_TEAM = 8TS3U5AYFA;
				ENABLE_PREVIEWS = YES;
				GENERATE_INFOPLIST_FILE = YES;
				INFOPLIST_KEY_NSCameraUsageDescription = "";
				INFOPLIST_KEY_UIApplicationSupportsIndirectInputEvents = YES;
				INFOPLIST_KEY_UILaunchScreen_Generation = YES;
				INFOPLIST_KEY_UIRequiredDeviceCapabilities = arkit;
				INFOPLIST_KEY_UIStatusBarHidden = YES;
				INFOPLIST_KEY_UISupportedInterfaceOrientations_iPad = "UIInterfaceOrientationPortrait UIInterfaceOrientationPortraitUpsideDown UIInterfaceOrientationLandscapeLeft UIInterfaceOrientationLandscapeRight";
				INFOPLIST_KEY_UISupportedInterfaceOrientations_iPhone = "UIInterfaceOrientationPortrait UIInterfaceOrientationLandscapeLeft UIInterfaceOrientationLandscapeRight";
				LD_RUNPATH_SEARCH_PATHS = (
					"$(inherited)",
					"@executable_path/Frameworks",
				);
				MARKETING_VERSION = 1.0;
				PRODUCT_BUNDLE_IDENTIFIER = practice.Furnitures;
				PRODUCT_NAME = "$(TARGET_NAME)";
				SWIFT_EMIT_LOC_STRINGS = YES;
				SWIFT_VERSION = 5.0;
				TARGETED_DEVICE_FAMILY = "1,2";
			};
			name = Release;
		};
/* End XCBuildConfiguration section */

/* Begin XCConfigurationList section */
		54E6AF322AD63AE00077501D /* Build configuration list for PBXProject "Furnitures" */ = {
			isa = XCConfigurationList;
			buildConfigurations = (
				54E6AF432AD63AE10077501D /* Debug */,
				54E6AF442AD63AE10077501D /* Release */,
			);
			defaultConfigurationIsVisible = 0;
			defaultConfigurationName = Release;
		};
		54E6AF452AD63AE10077501D /* Build configuration list for PBXNativeTarget "Furnitures" */ = {
			isa = XCConfigurationList;
			buildConfigurations = (
				54E6AF462AD63AE10077501D /* Debug */,
				54E6AF472AD63AE10077501D /* Release */,
			);
			defaultConfigurationIsVisible = 0;
			defaultConfigurationName = Release;
		};
/* End XCConfigurationList section */
	};
	rootObject = 54E6AF2F2AD63AE00077501D /* Project object */;
}
